
Microsoft Visual Studio Solution File, Format Version 12.00
# Visual Studio Version 17
VisualStudioVersion = 17.0.31903.59
MinimumVisualStudioVersion = 10.0.40219.1
Project("{2150E333-8FDC-42A3-9474-1A3956D46DE8}") = "src", "src", "{827E0CD3-B72D-47B6-A68D-7590B98EB39B}"
EndProject
Project("{FAE04EC0-301F-11D3-BF4B-00C04F79EFBC}") = "Cart.API", "src\Cart.API\Cart.API.csproj", "{5ABFF0F1-CD58-49C5-B4E4-52D924D503E7}"
EndProject
Project("{FAE04EC0-301F-11D3-BF4B-00C04F79EFBC}") = "Cart.Domain", "src\Cart.Domain\Cart.Domain.csproj", "{E00B3A14-5171-4CEF-B685-41CD68797FE1}"
EndProject
Project("{FAE04EC0-301F-11D3-BF4B-00C04F79EFBC}") = "Billing.Service", "src\Billing.Service\Billing.Service.csproj", "{9DC19B90-F6DF-426F-A9D9-A7CB7EE204CA}"
EndProject
Project("{FAE04EC0-301F-11D3-BF4B-00C04F79EFBC}") = "Fraud.Service", "src\Fraud.Service\Fraud.Service.csproj", "{25BC6DD0-4335-447D-8F53-7F39FE3AD30F}"
EndProject
Project("{FAE04EC0-301F-11D3-BF4B-00C04F79EFBC}") = "Notification.Service", "src\Notification.Service\Notification.Service.csproj", "{32022599-5779-407E-9AF5-980687FBDFF5}"
EndProject
Project("{FAE04EC0-301F-11D3-BF4B-00C04F79EFBC}") = "Cart.Denormalizer", "src\Cart.Denormalizer\Cart.Denormalizer.csproj", "{D8F35B09-BA0D-4C9F-AE68-DAE625B64889}"
EndProject
Project("{FAE04EC0-301F-11D3-BF4B-00C04F79EFBC}") = "Shared.Kernel", "src\Shared.Kernel\Shared.Kernel.csproj", "{C8F7A2E6-8554-49B4-BDB8-D86607E9289D}"
EndProject
Global
	GlobalSection(SolutionConfigurationPlatforms) = preSolution
		Debug|Any CPU = Debug|Any CPU
		Debug|x64 = Debug|x64
		Debug|x86 = Debug|x86
		Release|Any CPU = Release|Any CPU
		Release|x64 = Release|x64
		Release|x86 = Release|x86
	EndGlobalSection
	GlobalSection(ProjectConfigurationPlatforms) = postSolution
		{5ABFF0F1-CD58-49C5-B4E4-52D924D503E7}.Debug|Any CPU.ActiveCfg = Debug|Any CPU
		{5ABFF0F1-CD58-49C5-B4E4-52D924D503E7}.Debug|Any CPU.Build.0 = Debug|Any CPU
		{5ABFF0F1-CD58-49C5-B4E4-52D924D503E7}.Debug|x64.ActiveCfg = Debug|Any CPU
		{5ABFF0F1-CD58-49C5-B4E4-52D924D503E7}.Debug|x64.Build.0 = Debug|Any CPU
		{5ABFF0F1-CD58-49C5-B4E4-52D924D503E7}.Debug|x86.ActiveCfg = Debug|Any CPU
		{5ABFF0F1-CD58-49C5-B4E4-52D924D503E7}.Debug|x86.Build.0 = Debug|Any CPU
		{5ABFF0F1-CD58-49C5-B4E4-52D924D503E7}.Release|Any CPU.ActiveCfg = Release|Any CPU
		{5ABFF0F1-CD58-49C5-B4E4-52D924D503E7}.Release|Any CPU.Build.0 = Release|Any CPU
		{5ABFF0F1-CD58-49C5-B4E4-52D924D503E7}.Release|x64.ActiveCfg = Release|Any CPU
		{5ABFF0F1-CD58-49C5-B4E4-52D924D503E7}.Release|x64.Build.0 = Release|Any CPU
		{5ABFF0F1-CD58-49C5-B4E4-52D924D503E7}.Release|x86.ActiveCfg = Release|Any CPU
		{5ABFF0F1-CD58-49C5-B4E4-52D924D503E7}.Release|x86.Build.0 = Release|Any CPU
		{E00B3A14-5171-4CEF-B685-41CD68797FE1}.Debug|Any CPU.ActiveCfg = Debug|Any CPU
		{E00B3A14-5171-4CEF-B685-41CD68797FE1}.Debug|Any CPU.Build.0 = Debug|Any CPU
		{E00B3A14-5171-4CEF-B685-41CD68797FE1}.Debug|x64.ActiveCfg = Debug|Any CPU
		{E00B3A14-5171-4CEF-B685-41CD68797FE1}.Debug|x64.Build.0 = Debug|Any CPU
		{E00B3A14-5171-4CEF-B685-41CD68797FE1}.Debug|x86.ActiveCfg = Debug|Any CPU
		{E00B3A14-5171-4CEF-B685-41CD68797FE1}.Debug|x86.Build.0 = Debug|Any CPU
		{E00B3A14-5171-4CEF-B685-41CD68797FE1}.Release|Any CPU.ActiveCfg = Release|Any CPU
		{E00B3A14-5171-4CEF-B685-41CD68797FE1}.Release|Any CPU.Build.0 = Release|Any CPU
		{E00B3A14-5171-4CEF-B685-41CD68797FE1}.Release|x64.ActiveCfg = Release|Any CPU
		{E00B3A14-5171-4CEF-B685-41CD68797FE1}.Release|x64.Build.0 = Release|Any CPU
		{E00B3A14-5171-4CEF-B685-41CD68797FE1}.Release|x86.ActiveCfg = Release|Any CPU
		{E00B3A14-5171-4CEF-B685-41CD68797FE1}.Release|x86.Build.0 = Release|Any CPU
		{9DC19B90-F6DF-426F-A9D9-A7CB7EE204CA}.Debug|Any CPU.ActiveCfg = Debug|Any CPU
		{9DC19B90-F6DF-426F-A9D9-A7CB7EE204CA}.Debug|Any CPU.Build.0 = Debug|Any CPU
		{9DC19B90-F6DF-426F-A9D9-A7CB7EE204CA}.Debug|x64.ActiveCfg = Debug|Any CPU
		{9DC19B90-F6DF-426F-A9D9-A7CB7EE204CA}.Debug|x64.Build.0 = Debug|Any CPU
		{9DC19B90-F6DF-426F-A9D9-A7CB7EE204CA}.Debug|x86.ActiveCfg = Debug|Any CPU
		{9DC19B90-F6DF-426F-A9D9-A7CB7EE204CA}.Debug|x86.Build.0 = Debug|Any CPU
		{9DC19B90-F6DF-426F-A9D9-A7CB7EE204CA}.Release|Any CPU.ActiveCfg = Release|Any CPU
		{9DC19B90-F6DF-426F-A9D9-A7CB7EE204CA}.Release|Any CPU.Build.0 = Release|Any CPU
		{9DC19B90-F6DF-426F-A9D9-A7CB7EE204CA}.Release|x64.ActiveCfg = Release|Any CPU
		{9DC19B90-F6DF-426F-A9D9-A7CB7EE204CA}.Release|x64.Build.0 = Release|Any CPU
		{9DC19B90-F6DF-426F-A9D9-A7CB7EE204CA}.Release|x86.ActiveCfg = Release|Any CPU
		{9DC19B90-F6DF-426F-A9D9-A7CB7EE204CA}.Release|x86.Build.0 = Release|Any CPU
		{25BC6DD0-4335-447D-8F53-7F39FE3AD30F}.Debug|Any CPU.ActiveCfg = Debug|Any CPU
		{25BC6DD0-4335-447D-8F53-7F39FE3AD30F}.Debug|Any CPU.Build.0 = Debug|Any CPU
		{25BC6DD0-4335-447D-8F53-7F39FE3AD30F}.Debug|x64.ActiveCfg = Debug|Any CPU
		{25BC6DD0-4335-447D-8F53-7F39FE3AD30F}.Debug|x64.Build.0 = Debug|Any CPU
		{25BC6DD0-4335-447D-8F53-7F39FE3AD30F}.Debug|x86.ActiveCfg = Debug|Any CPU
		{25BC6DD0-4335-447D-8F53-7F39FE3AD30F}.Debug|x86.Build.0 = Debug|Any CPU
		{25BC6DD0-4335-447D-8F53-7F39FE3AD30F}.Release|Any CPU.ActiveCfg = Release|Any CPU
		{25BC6DD0-4335-447D-8F53-7F39FE3AD30F}.Release|Any CPU.Build.0 = Release|Any CPU
		{25BC6DD0-4335-447D-8F53-7F39FE3AD30F}.Release|x64.ActiveCfg = Release|Any CPU
		{25BC6DD0-4335-447D-8F53-7F39FE3AD30F}.Release|x64.Build.0 = Release|Any CPU
		{25BC6DD0-4335-447D-8F53-7F39FE3AD30F}.Release|x86.ActiveCfg = Release|Any CPU
		{25BC6DD0-4335-447D-8F53-7F39FE3AD30F}.Release|x86.Build.0 = Release|Any CPU
		{32022599-5779-407E-9AF5-980687FBDFF5}.Debug|Any CPU.ActiveCfg = Debug|Any CPU
		{32022599-5779-407E-9AF5-980687FBDFF5}.Debug|Any CPU.Build.0 = Debug|Any CPU
		{32022599-5779-407E-9AF5-980687FBDFF5}.Debug|x64.ActiveCfg = Debug|Any CPU
		{32022599-5779-407E-9AF5-980687FBDFF5}.Debug|x64.Build.0 = Debug|Any CPU
		{32022599-5779-407E-9AF5-980687FBDFF5}.Debug|x86.ActiveCfg = Debug|Any CPU
		{32022599-5779-407E-9AF5-980687FBDFF5}.Debug|x86.Build.0 = Debug|Any CPU
		{32022599-5779-407E-9AF5-980687FBDFF5}.Release|Any CPU.ActiveCfg = Release|Any CPU
		{32022599-5779-407E-9AF5-980687FBDFF5}.Release|Any CPU.Build.0 = Release|Any CPU
		{32022599-5779-407E-9AF5-980687FBDFF5}.Release|x64.ActiveCfg = Release|Any CPU
		{32022599-5779-407E-9AF5-980687FBDFF5}.Release|x64.Build.0 = Release|Any CPU
		{32022599-5779-407E-9AF5-980687FBDFF5}.Release|x86.ActiveCfg = Release|Any CPU
		{32022599-5779-407E-9AF5-980687FBDFF5}.Release|x86.Build.0 = Release|Any CPU
		{D8F35B09-BA0D-4C9F-AE68-DAE625B64889}.Debug|Any CPU.ActiveCfg = Debug|Any CPU
		{D8F35B09-BA0D-4C9F-AE68-DAE625B64889}.Debug|Any CPU.Build.0 = Debug|Any CPU
		{D8F35B09-BA0D-4C9F-AE68-DAE625B64889}.Debug|x64.ActiveCfg = Debug|Any CPU
		{D8F35B09-BA0D-4C9F-AE68-DAE625B64889}.Debug|x64.Build.0 = Debug|Any CPU
		{D8F35B09-BA0D-4C9F-AE68-DAE625B64889}.Debug|x86.ActiveCfg = Debug|Any CPU
		{D8F35B09-BA0D-4C9F-AE68-DAE625B64889}.Debug|x86.Build.0 = Debug|Any CPU
		{D8F35B09-BA0D-4C9F-AE68-DAE625B64889}.Release|Any CPU.ActiveCfg = Release|Any CPU
		{D8F35B09-BA0D-4C9F-AE68-DAE625B64889}.Release|Any CPU.Build.0 = Release|Any CPU
		{D8F35B09-BA0D-4C9F-AE68-DAE625B64889}.Release|x64.ActiveCfg = Release|Any CPU
		{D8F35B09-BA0D-4C9F-AE68-DAE625B64889}.Release|x64.Build.0 = Release|Any CPU
		{D8F35B09-BA0D-4C9F-AE68-DAE625B64889}.Release|x86.ActiveCfg = Release|Any CPU
		{D8F35B09-BA0D-4C9F-AE68-DAE625B64889}.Release|x86.Build.0 = Release|Any CPU
		{C8F7A2E6-8554-49B4-BDB8-D86607E9289D}.Debug|Any CPU.ActiveCfg = Debug|Any CPU
		{C8F7A2E6-8554-49B4-BDB8-D86607E9289D}.Debug|Any CPU.Build.0 = Debug|Any CPU
		{C8F7A2E6-8554-49B4-BDB8-D86607E9289D}.Debug|x64.ActiveCfg = Debug|Any CPU
		{C8F7A2E6-8554-49B4-BDB8-D86607E9289D}.Debug|x64.Build.0 = Debug|Any CPU
		{C8F7A2E6-8554-49B4-BDB8-D86607E9289D}.Debug|x86.ActiveCfg = Debug|Any CPU
		{C8F7A2E6-8554-49B4-BDB8-D86607E9289D}.Debug|x86.Build.0 = Debug|Any CPU
		{C8F7A2E6-8554-49B4-BDB8-D86607E9289D}.Release|Any CPU.ActiveCfg = Release|Any CPU
		{C8F7A2E6-8554-49B4-BDB8-D86607E9289D}.Release|Any CPU.Build.0 = Release|Any CPU
		{C8F7A2E6-8554-49B4-BDB8-D86607E9289D}.Release|x64.ActiveCfg = Release|Any CPU
		{C8F7A2E6-8554-49B4-BDB8-D86607E9289D}.Release|x64.Build.0 = Release|Any CPU
		{C8F7A2E6-8554-49B4-BDB8-D86607E9289D}.Release|x86.ActiveCfg = Release|Any CPU
		{C8F7A2E6-8554-49B4-BDB8-D86607E9289D}.Release|x86.Build.0 = Release|Any CPU
	EndGlobalSection
	GlobalSection(SolutionProperties) = preSolution
		HideSolutionNode = FALSE
	EndGlobalSection
	GlobalSection(NestedProjects) = preSolution
		{5ABFF0F1-CD58-49C5-B4E4-52D924D503E7} = {827E0CD3-B72D-47B6-A68D-7590B98EB39B}
		{E00B3A14-5171-4CEF-B685-41CD68797FE1} = {827E0CD3-B72D-47B6-A68D-7590B98EB39B}
		{9DC19B90-F6DF-426F-A9D9-A7CB7EE204CA} = {827E0CD3-B72D-47B6-A68D-7590B98EB39B}
		{25BC6DD0-4335-447D-8F53-7F39FE3AD30F} = {827E0CD3-B72D-47B6-A68D-7590B98EB39B}
		{32022599-5779-407E-9AF5-980687FBDFF5} = {827E0CD3-B72D-47B6-A68D-7590B98EB39B}
		{D8F35B09-BA0D-4C9F-AE68-DAE625B64889} = {827E0CD3-B72D-47B6-A68D-7590B98EB39B}
		{C8F7A2E6-8554-49B4-BDB8-D86607E9289D} = {827E0CD3-B72D-47B6-A68D-7590B98EB39B}
	EndGlobalSection
EndGlobal
